
Microsoft Visual Studio Solution File, Format Version 12.00
# Visual Studio 15
VisualStudioVersion = 15.0.27130.2010
MinimumVisualStudioVersion = 10.0.40219.1
Project("{9A19103F-16F7-4668-BE54-9A1E7A4F7556}") = "SignUp.Web", "SignUp.Web\SignUp.Web.csproj", "{B947FC54-AAA1-484F-B7FD-AC6979016A44}"
EndProject
Project("{E53339B2-1760-4266-BCC7-CA923CBCF16C}") = "docker-compose", "docker-compose.dcproj", "{30292735-C00D-4EDB-8AEC-EB4D02771CEE}"
EndProject
Project("{9A19103F-16F7-4668-BE54-9A1E7A4F7556}") = "SignUp.Entities", "SignUp.Entities\SignUp.Entities.csproj", "{0418C1E0-1E8D-4B7D-AC62-01EAD845B937}"
EndProject
Project("{9A19103F-16F7-4668-BE54-9A1E7A4F7556}") = "SignUp.MySql", "SignUp.MySql\SignUp.MySql.csproj", "{A57C4A64-9058-416C-9E26-00BB9B267B07}"
EndProject
Project("{2150E333-8FDC-42A3-9474-1A3956D46DE8}") = "Solution Items", "Solution Items", "{843545F2-7462-4C5C-AA57-85C84D23BA0D}"
	ProjectSection(SolutionItems) = preProject
		Dockerfile-Consumer-Es = Dockerfile-Consumer-Es
		Dockerfile-Consumer-MySql = Dockerfile-Consumer-MySql
		Dockerfile-Web = Dockerfile-Web
	EndProjectSection
EndProject
Project("{9A19103F-16F7-4668-BE54-9A1E7A4F7556}") = "SignUp.Messaging.Constants", "SignUp.Messaging.Constants\SignUp.Messaging.Constants.csproj", "{9809BC44-CDC7-4DD8-B7CC-87C6BE356E25}"
EndProject
Project("{9A19103F-16F7-4668-BE54-9A1E7A4F7556}") = "SignUp.Consumer.MySql", "SignUp.Consumer.MySql\SignUp.Consumer.MySql.csproj", "{A3A468C5-95B0-4320-A743-17B6426023F4}"
EndProject
Project("{9A19103F-16F7-4668-BE54-9A1E7A4F7556}") = "SignUp.Consumer.ElasticSearch", "SignUp.Consumer.ElasticSearch\SignUp.Consumer.ElasticSearch.csproj", "{E8624ACD-3730-4818-8C8C-2978C283D1EF}"
EndProject
Global
	GlobalSection(SolutionConfigurationPlatforms) = preSolution
		Debug|Any CPU = Debug|Any CPU
		Release|Any CPU = Release|Any CPU
	EndGlobalSection
	GlobalSection(ProjectConfigurationPlatforms) = postSolution
		{B947FC54-AAA1-484F-B7FD-AC6979016A44}.Debug|Any CPU.ActiveCfg = Debug|Any CPU
		{B947FC54-AAA1-484F-B7FD-AC6979016A44}.Debug|Any CPU.Build.0 = Debug|Any CPU
		{B947FC54-AAA1-484F-B7FD-AC6979016A44}.Release|Any CPU.ActiveCfg = Release|Any CPU
		{B947FC54-AAA1-484F-B7FD-AC6979016A44}.Release|Any CPU.Build.0 = Release|Any CPU
		{30292735-C00D-4EDB-8AEC-EB4D02771CEE}.Debug|Any CPU.ActiveCfg = Debug|Any CPU
		{30292735-C00D-4EDB-8AEC-EB4D02771CEE}.Debug|Any CPU.Build.0 = Debug|Any CPU
		{30292735-C00D-4EDB-8AEC-EB4D02771CEE}.Release|Any CPU.ActiveCfg = Release|Any CPU
		{30292735-C00D-4EDB-8AEC-EB4D02771CEE}.Release|Any CPU.Build.0 = Release|Any CPU
		{0418C1E0-1E8D-4B7D-AC62-01EAD845B937}.Debug|Any CPU.ActiveCfg = Debug|Any CPU
		{0418C1E0-1E8D-4B7D-AC62-01EAD845B937}.Debug|Any CPU.Build.0 = Debug|Any CPU
		{0418C1E0-1E8D-4B7D-AC62-01EAD845B937}.Release|Any CPU.ActiveCfg = Release|Any CPU
		{0418C1E0-1E8D-4B7D-AC62-01EAD845B937}.Release|Any CPU.Build.0 = Release|Any CPU
		{A57C4A64-9058-416C-9E26-00BB9B267B07}.Debug|Any CPU.ActiveCfg = Debug|Any CPU
		{A57C4A64-9058-416C-9E26-00BB9B267B07}.Debug|Any CPU.Build.0 = Debug|Any CPU
		{A57C4A64-9058-416C-9E26-00BB9B267B07}.Release|Any CPU.ActiveCfg = Release|Any CPU
		{A57C4A64-9058-416C-9E26-00BB9B267B07}.Release|Any CPU.Build.0 = Release|Any CPU
		{9809BC44-CDC7-4DD8-B7CC-87C6BE356E25}.Debug|Any CPU.ActiveCfg = Debug|Any CPU
		{9809BC44-CDC7-4DD8-B7CC-87C6BE356E25}.Debug|Any CPU.Build.0 = Debug|Any CPU
		{9809BC44-CDC7-4DD8-B7CC-87C6BE356E25}.Release|Any CPU.ActiveCfg = Release|Any CPU
		{9809BC44-CDC7-4DD8-B7CC-87C6BE356E25}.Release|Any CPU.Build.0 = Release|Any CPU
		{A3A468C5-95B0-4320-A743-17B6426023F4}.Debug|Any CPU.ActiveCfg = Debug|Any CPU
		{A3A468C5-95B0-4320-A743-17B6426023F4}.Debug|Any CPU.Build.0 = Debug|Any CPU
		{A3A468C5-95B0-4320-A743-17B6426023F4}.Release|Any CPU.ActiveCfg = Release|Any CPU
		{A3A468C5-95B0-4320-A743-17B6426023F4}.Release|Any CPU.Build.0 = Release|Any CPU
		{E8624ACD-3730-4818-8C8C-2978C283D1EF}.Debug|Any CPU.ActiveCfg = Debug|Any CPU
		{E8624ACD-3730-4818-8C8C-2978C283D1EF}.Debug|Any CPU.Build.0 = Debug|Any CPU
		{E8624ACD-3730-4818-8C8C-2978C283D1EF}.Release|Any CPU.ActiveCfg = Release|Any CPU
		{E8624ACD-3730-4818-8C8C-2978C283D1EF}.Release|Any CPU.Build.0 = Release|Any CPU
	EndGlobalSection
	GlobalSection(SolutionProperties) = preSolution
		HideSolutionNode = FALSE
	EndGlobalSection
	GlobalSection(ExtensibilityGlobals) = postSolution
		SolutionGuid = {C71288D5-799E-4E4E-8A25-3F6AD03348DD}
	EndGlobalSection
EndGlobal
