
Microsoft Visual Studio Solution File, Format Version 12.00
# Visual Studio 15
VisualStudioVersion = 15.0.26730.12
MinimumVisualStudioVersion = 10.0.40219.1
Project("{FAE04EC0-301F-11D3-BF4B-00C04F79EFBC}") = "SignUp.Web", "SignUp.Web\SignUp.Web.csproj", "{B947FC54-AAA1-484F-B7FD-AC6979016A44}"
EndProject
Project("{E53339B2-1760-4266-BCC7-CA923CBCF16C}") = "docker-compose", "docker-compose.dcproj", "{30292735-C00D-4EDB-8AEC-EB4D02771CEE}"
EndProject
Project("{FAE04EC0-301F-11D3-BF4B-00C04F79EFBC}") = "SignUp.Entities", "SignUp.Entities\SignUp.Entities.csproj", "{0418C1E0-1E8D-4B7D-AC62-01EAD845B937}"
EndProject
Global
	GlobalSection(SolutionConfigurationPlatforms) = preSolution
		Debug|Any CPU = Debug|Any CPU
		Release|Any CPU = Release|Any CPU
	EndGlobalSection
	GlobalSection(ProjectConfigurationPlatforms) = postSolution
		{B947FC54-AAA1-484F-B7FD-AC6979016A44}.Debug|Any CPU.ActiveCfg = Debug|Any CPU
		{B947FC54-AAA1-484F-B7FD-AC6979016A44}.Debug|Any CPU.Build.0 = Debug|Any CPU
		{B947FC54-AAA1-484F-B7FD-AC6979016A44}.Release|Any CPU.ActiveCfg = Release|Any CPU
		{B947FC54-AAA1-484F-B7FD-AC6979016A44}.Release|Any CPU.Build.0 = Release|Any CPU
		{30292735-C00D-4EDB-8AEC-EB4D02771CEE}.Debug|Any CPU.ActiveCfg = Debug|Any CPU
		{30292735-C00D-4EDB-8AEC-EB4D02771CEE}.Debug|Any CPU.Build.0 = Debug|Any CPU
		{30292735-C00D-4EDB-8AEC-EB4D02771CEE}.Release|Any CPU.ActiveCfg = Release|Any CPU
		{30292735-C00D-4EDB-8AEC-EB4D02771CEE}.Release|Any CPU.Build.0 = Release|Any CPU
		{0418C1E0-1E8D-4B7D-AC62-01EAD845B937}.Debug|Any CPU.ActiveCfg = Debug|Any CPU
		{0418C1E0-1E8D-4B7D-AC62-01EAD845B937}.Debug|Any CPU.Build.0 = Debug|Any CPU
		{0418C1E0-1E8D-4B7D-AC62-01EAD845B937}.Release|Any CPU.ActiveCfg = Release|Any CPU
		{0418C1E0-1E8D-4B7D-AC62-01EAD845B937}.Release|Any CPU.Build.0 = Release|Any CPU
	EndGlobalSection
	GlobalSection(SolutionProperties) = preSolution
		HideSolutionNode = FALSE
	EndGlobalSection
	GlobalSection(ExtensibilityGlobals) = postSolution
		SolutionGuid = {C71288D5-799E-4E4E-8A25-3F6AD03348DD}
	EndGlobalSection
EndGlobal
